<?xml version="1.0" encoding="utf-8"?>
<Project ToolsVersion="4.0" xmlns="http://schemas.microsoft.com/developer/msbuild/2003">
  <ItemGroup>
    <Filter Include="Source Files">
      <UniqueIdentifier>{4FC737F1-C7A5-4376-A066-2A32D752A2FF}</UniqueIdentifier>
      <Extensions>cpp;c;cc;cxx;c++;cppm;ixx;def;odl;idl;hpj;bat;asm;asmx</Extensions>
    </Filter>
    <Filter Include="Header Files">
      <UniqueIdentifier>{93995380-89BD-4b04-88EB-625FBE52EBFB}</UniqueIdentifier>
      <Extensions>h;hh;hpp;hxx;h++;hm;inl;inc;ipp;xsd</Extensions>
    </Filter>
    <Filter Include="Resource Files">
      <UniqueIdentifier>{67DA6AB6-F800-4c08-8B7A-83BB121AAD01}</UniqueIdentifier>
      <Extensions>rc;ico;cur;bmp;dlg;rc2;rct;bin;rgs;gif;jpg;jpeg;jpe;resx;tiff;tif;png;wav;mfcribbon-ms</Extensions>
    </Filter>
    <Filter Include="Source Files\lodepng">
      <UniqueIdentifier>{a30cb8fc-76d0-4e0f-aac5-2121fb29b016}</UniqueIdentifier>
    </Filter>
    <Filter Include="Header Files\lodepng">
      <UniqueIdentifier>{2b2c634d-839e-43d3-95be-dc09b1031f7b}</UniqueIdentifier>
    </Filter>
    <Filter Include="Source Files\shameimaru">
      <UniqueIdentifier>{4c4cdd28-65df-461d-9a5e-0b14878a2ce1}</UniqueIdentifier>
    </Filter>
    <Filter Include="Header Files\shameimaru">
      <UniqueIdentifier>{00811af4-6d19-40bf-83a2-e221262367f2}</UniqueIdentifier>
    </Filter>
    <Filter Include="Header Files\shameimaru\Containers">
      <UniqueIdentifier>{928bd7f6-dc00-4f05-afa5-723a5d6f731a}</UniqueIdentifier>
    </Filter>
    <Filter Include="Source Files\shameimaru\Containers">
      <UniqueIdentifier>{f50fcea0-e8f4-4b22-bf4a-2867e332f3c9}</UniqueIdentifier>
    </Filter>
  </ItemGroup>
  <ItemGroup>
    <ClCompile Include="PNG.cpp">
      <Filter>Source Files</Filter>
    </ClCompile>
    <ClCompile Include="RGBATree.cpp">
      <Filter>Source Files</Filter>
    </ClCompile>
    <ClCompile Include="Tile.cpp">
      <Filter>Source Files</Filter>
    </ClCompile>
    <ClCompile Include="util\lodepng\lodepng.cpp">
      <Filter>Source Files\lodepng</Filter>
    </ClCompile>
    <ClCompile Include="main.cpp">
      <Filter>Source Files</Filter>
    </ClCompile>
    <ClCompile Include="util\shameimaru\SimpleVector.cpp">
      <Filter>Source Files\shameimaru\Containers</Filter>
    </ClCompile>
    <ClCompile Include="util\shameimaru\Shameimaru.cpp">
      <Filter>Source Files\shameimaru</Filter>
    </ClCompile>
    <ClCompile Include="util\shameimaru\SimpleQueue.cpp">
      <Filter>Source Files\shameimaru\Containers</Filter>
    </ClCompile>
    <ClCompile Include="util\shameimaru\SimpleStack.cpp">
      <Filter>Source Files\shameimaru\Containers</Filter>
    </ClCompile>
    <ClCompile Include="util\shameimaru\ThreadPool.cpp">
      <Filter>Source Files\shameimaru</Filter>
    </ClCompile>
  </ItemGroup>
  <ItemGroup>
    <ClInclude Include="PNG.h">
      <Filter>Header Files</Filter>
    </ClInclude>
    <ClInclude Include="RGBATree.h">
      <Filter>Header Files</Filter>
    </ClInclude>
    <ClInclude Include="Tile.h">
      <Filter>Header Files</Filter>
    </ClInclude>
    <ClInclude Include="util\lodepng\lodepng.h">
      <Filter>Header Files\lodepng</Filter>
    </ClInclude>
    <ClInclude Include="util\shameimaru\SimpleVector.h">
      <Filter>Header Files\shameimaru\Containers</Filter>
    </ClInclude>
    <ClInclude Include="util\shameimaru\Shameimaru.h">
      <Filter>Header Files\shameimaru</Filter>
    </ClInclude>
    <ClInclude Include="util\shameimaru\SimpleQueue.h">
      <Filter>Header Files\shameimaru\Containers</Filter>
    </ClInclude>
    <ClInclude Include="util\shameimaru\SimpleStack.h">
      <Filter>Header Files\shameimaru\Containers</Filter>
    </ClInclude>
    <ClInclude Include="util\shameimaru\ThreadPool.h">
      <Filter>Header Files\shameimaru</Filter>
    </ClInclude>
  </ItemGroup>
  <ItemGroup>
    <None Include="packages.config" />
  </ItemGroup>
</Project>